
Microsoft Visual Studio Solution File, Format Version 12.00
# Visual Studio Version 17
VisualStudioVersion = 17.8.34330.188
MinimumVisualStudioVersion = 10.0.40219.1
Project("{FAE04EC0-301F-11D3-BF4B-00C04F79EFBC}") = "Deliverable2", "Deliverable2\Deliverable2.csproj", "{653E6D36-ECFC-4EEE-916E-D6084B69D07F}"
EndProject
Global
	GlobalSection(SolutionConfigurationPlatforms) = preSolution
		Debug|Any CPU = Debug|Any CPU
		Release|Any CPU = Release|Any CPU
	EndGlobalSection
	GlobalSection(ProjectConfigurationPlatforms) = postSolution
		{653E6D36-ECFC-4EEE-916E-D6084B69D07F}.Debug|Any CPU.ActiveCfg = Debug|Any CPU
		{653E6D36-ECFC-4EEE-916E-D6084B69D07F}.Debug|Any CPU.Build.0 = Debug|Any CPU
		{653E6D36-ECFC-4EEE-916E-D6084B69D07F}.Release|Any CPU.ActiveCfg = Release|Any CPU
		{653E6D36-ECFC-4EEE-916E-D6084B69D07F}.Release|Any CPU.Build.0 = Release|Any CPU
	EndGlobalSection
	GlobalSection(SolutionProperties) = preSolution
		HideSolutionNode = FALSE
	EndGlobalSection
	GlobalSection(ExtensibilityGlobals) = postSolution
		SolutionGuid = {A2D2FD68-75F9-46BA-9205-774A91B6F69B}
	EndGlobalSection
EndGlobal
